{
  "pins" : [
    {
      "identity" : "coreavr",
      "kind" : "remoteSourceControl",
      "location" : "https://github.com/pdshelley/CoreAVR.git",
      "state" : {
        "branch" : "develop",
        "revision" : "6077a1c2e64a10f582a2f3381e62084d75c2ec11"
      }
    }
  ],
  "version" : 2
}
