{
  "pins" : [
    {
      "identity" : "coreavr",
      "kind" : "remoteSourceControl",
      "location" : "https://github.com/pdshelley/CoreAVR.git",
      "state" : {
        "branch" : "bugfix/uart-access-modifiers",
        "revision" : "1a1b9b42bcc87f3db29804bb79c92b87016bc6d9"
      }
    }
  ],
  "version" : 2
}
