{
  "pins" : [
    {
      "identity" : "coreavr",
      "kind" : "remoteSourceControl",
      "location" : "https://github.com/pdshelley/CoreAVR.git",
      "state" : {
        "branch" : "develop",
        "revision" : "e7fdb3f5e2f029ae20ac6c879e1834daaa510536"
      }
    }
  ],
  "version" : 2
}
